
Microsoft Visual Studio Solution File, Format Version 12.00
# Visual Studio Version 16
VisualStudioVersion = 16.0.31019.35
MinimumVisualStudioVersion = 10.0.40219.1
Project("{FAE04EC0-301F-11D3-BF4B-00C04F79EFBC}") = "task1", "task1\task1.csproj", "{A1AB03F1-5EB3-4F37-82D0-DEA5E3856823}"
EndProject
Global
	GlobalSection(SolutionConfigurationPlatforms) = preSolution
		Debug|Any CPU = Debug|Any CPU
		Release|Any CPU = Release|Any CPU
	EndGlobalSection
	GlobalSection(ProjectConfigurationPlatforms) = postSolution
		{A1AB03F1-5EB3-4F37-82D0-DEA5E3856823}.Debug|Any CPU.ActiveCfg = Debug|Any CPU
		{A1AB03F1-5EB3-4F37-82D0-DEA5E3856823}.Debug|Any CPU.Build.0 = Debug|Any CPU
		{A1AB03F1-5EB3-4F37-82D0-DEA5E3856823}.Release|Any CPU.ActiveCfg = Release|Any CPU
		{A1AB03F1-5EB3-4F37-82D0-DEA5E3856823}.Release|Any CPU.Build.0 = Release|Any CPU
	EndGlobalSection
	GlobalSection(SolutionProperties) = preSolution
		HideSolutionNode = FALSE
	EndGlobalSection
	GlobalSection(ExtensibilityGlobals) = postSolution
		SolutionGuid = {BF0623DA-BA65-41B4-AA7F-6F205A5BF19E}
	EndGlobalSection
EndGlobal
